
Microsoft Visual Studio Solution File, Format Version 12.00
# Visual Studio Version 16
VisualStudioVersion = 16.0.29424.173
MinimumVisualStudioVersion = 10.0.40219.1
Project("{FAE04EC0-301F-11D3-BF4B-00C04F79EFBC}") = "inov1010-001_RankUp_Final", "inov1010-001_RankUp_Final.csproj", "{8D656E5B-6097-4BAE-BF5B-321C5DFCD369}"
EndProject
Global
	GlobalSection(SolutionConfigurationPlatforms) = preSolution
		Debug|Any CPU = Debug|Any CPU
		Release|Any CPU = Release|Any CPU
	EndGlobalSection
	GlobalSection(ProjectConfigurationPlatforms) = postSolution
		{8D656E5B-6097-4BAE-BF5B-321C5DFCD369}.Debug|Any CPU.ActiveCfg = Debug|Any CPU
		{8D656E5B-6097-4BAE-BF5B-321C5DFCD369}.Debug|Any CPU.Build.0 = Debug|Any CPU
		{8D656E5B-6097-4BAE-BF5B-321C5DFCD369}.Release|Any CPU.ActiveCfg = Release|Any CPU
		{8D656E5B-6097-4BAE-BF5B-321C5DFCD369}.Release|Any CPU.Build.0 = Release|Any CPU
	EndGlobalSection
	GlobalSection(SolutionProperties) = preSolution
		HideSolutionNode = FALSE
	EndGlobalSection
	GlobalSection(ExtensibilityGlobals) = postSolution
		SolutionGuid = {53D55D60-4399-4A4A-B3DE-D4A6909F9063}
	EndGlobalSection
EndGlobal
